
Microsoft Visual Studio Solution File, Format Version 12.00
# Visual Studio Version 17
VisualStudioVersion = 17.0.31903.59
MinimumVisualStudioVersion = 10.0.40219.1
Project("{FAE04EC0-301F-11D3-BF4B-00C04F79EFBC}") = "DungeonSlime", "DungeonSlime\DungeonSlime.csproj", "{DD97E588-D90D-4843-9EB0-7D2522EACFEF}"
EndProject
Project("{FAE04EC0-301F-11D3-BF4B-00C04F79EFBC}") = "DungeonSlime.OpenGL", "DungeonSlime.OpenGL\DungeonSlime.OpenGL.csproj", "{C1163774-39AB-4832-A0B6-F648BACC0522}"
EndProject
Project("{FAE04EC0-301F-11D3-BF4B-00C04F79EFBC}") = "DungeonSlime.Library", "DungeonSlime.Library\DungeonSlime.Library.csproj", "{9BDB2409-9658-461E-BE1A-0BD16E6E5E3F}"
EndProject
Global
	GlobalSection(SolutionConfigurationPlatforms) = preSolution
		Debug|Any CPU = Debug|Any CPU
		Release|Any CPU = Release|Any CPU
	EndGlobalSection
	GlobalSection(SolutionProperties) = preSolution
		HideSolutionNode = FALSE
	EndGlobalSection
	GlobalSection(ProjectConfigurationPlatforms) = postSolution
		{DD97E588-D90D-4843-9EB0-7D2522EACFEF}.Debug|Any CPU.ActiveCfg = Debug|Any CPU
		{DD97E588-D90D-4843-9EB0-7D2522EACFEF}.Debug|Any CPU.Build.0 = Debug|Any CPU
		{DD97E588-D90D-4843-9EB0-7D2522EACFEF}.Release|Any CPU.ActiveCfg = Release|Any CPU
		{DD97E588-D90D-4843-9EB0-7D2522EACFEF}.Release|Any CPU.Build.0 = Release|Any CPU
		{C1163774-39AB-4832-A0B6-F648BACC0522}.Debug|Any CPU.ActiveCfg = Debug|Any CPU
		{C1163774-39AB-4832-A0B6-F648BACC0522}.Debug|Any CPU.Build.0 = Debug|Any CPU
		{C1163774-39AB-4832-A0B6-F648BACC0522}.Release|Any CPU.ActiveCfg = Release|Any CPU
		{C1163774-39AB-4832-A0B6-F648BACC0522}.Release|Any CPU.Build.0 = Release|Any CPU
		{9BDB2409-9658-461E-BE1A-0BD16E6E5E3F}.Debug|Any CPU.ActiveCfg = Debug|Any CPU
		{9BDB2409-9658-461E-BE1A-0BD16E6E5E3F}.Debug|Any CPU.Build.0 = Debug|Any CPU
		{9BDB2409-9658-461E-BE1A-0BD16E6E5E3F}.Release|Any CPU.ActiveCfg = Release|Any CPU
		{9BDB2409-9658-461E-BE1A-0BD16E6E5E3F}.Release|Any CPU.Build.0 = Release|Any CPU
	EndGlobalSection
EndGlobal
