
Microsoft Visual Studio Solution File, Format Version 12.00
# Visual Studio Version 17
VisualStudioVersion = 17.0.31903.59
MinimumVisualStudioVersion = 10.0.40219.1
Project("{2150E333-8FDC-42A3-9474-1A3956D46DE8}") = "src", "src", "{827E0CD3-B72D-47B6-A68D-7590B98EB39B}"
EndProject
Project("{FAE04EC0-301F-11D3-BF4B-00C04F79EFBC}") = "DungeonSlime", "src\DungeonSlime\DungeonSlime.csproj", "{1D6479AD-1AD8-4914-A07D-88928CABA154}"
EndProject
Project("{FAE04EC0-301F-11D3-BF4B-00C04F79EFBC}") = "DungeonSlime.Content", "src\DungeonSlime.Content\DungeonSlime.Content.csproj", "{274B9687-2BF3-42A8-9042-90EDE88FBCB2}"
EndProject
Project("{FAE04EC0-301F-11D3-BF4B-00C04F79EFBC}") = "DungeonSlime.DirectX", "src\DungeonSlime.DirectX\DungeonSlime.DirectX.csproj", "{BD052256-7ECF-4D29-8446-5CCD97C5C66C}"
EndProject
Project("{FAE04EC0-301F-11D3-BF4B-00C04F79EFBC}") = "DungeonSlime.Engine", "src\DungeonSlime.Engine\DungeonSlime.Engine.csproj", "{F270F5AA-B145-46CC-B5C2-28D603E4C5BE}"
EndProject
Project("{FAE04EC0-301F-11D3-BF4B-00C04F79EFBC}") = "DungeonSlime.OpenGL", "src\DungeonSlime.OpenGL\DungeonSlime.OpenGL.csproj", "{9798ABD0-1EC9-4228-B54C-929EE65DA25D}"
EndProject
Project("{FAE04EC0-301F-11D3-BF4B-00C04F79EFBC}") = "DungeonSlime.PipeLine", "src\DungeonSlime.PipeLine\DungeonSlime.PipeLine.csproj", "{1D11E55D-559A-473C-A8A8-408592BD1813}"
EndProject
Global
	GlobalSection(SolutionConfigurationPlatforms) = preSolution
		Debug|Any CPU = Debug|Any CPU
		Debug|x64 = Debug|x64
		Debug|x86 = Debug|x86
		Release|Any CPU = Release|Any CPU
		Release|x64 = Release|x64
		Release|x86 = Release|x86
	EndGlobalSection
	GlobalSection(ProjectConfigurationPlatforms) = postSolution
		{1D6479AD-1AD8-4914-A07D-88928CABA154}.Debug|Any CPU.ActiveCfg = Debug|Any CPU
		{1D6479AD-1AD8-4914-A07D-88928CABA154}.Debug|Any CPU.Build.0 = Debug|Any CPU
		{1D6479AD-1AD8-4914-A07D-88928CABA154}.Debug|x64.ActiveCfg = Debug|Any CPU
		{1D6479AD-1AD8-4914-A07D-88928CABA154}.Debug|x64.Build.0 = Debug|Any CPU
		{1D6479AD-1AD8-4914-A07D-88928CABA154}.Debug|x86.ActiveCfg = Debug|Any CPU
		{1D6479AD-1AD8-4914-A07D-88928CABA154}.Debug|x86.Build.0 = Debug|Any CPU
		{1D6479AD-1AD8-4914-A07D-88928CABA154}.Release|Any CPU.ActiveCfg = Release|Any CPU
		{1D6479AD-1AD8-4914-A07D-88928CABA154}.Release|Any CPU.Build.0 = Release|Any CPU
		{1D6479AD-1AD8-4914-A07D-88928CABA154}.Release|x64.ActiveCfg = Release|Any CPU
		{1D6479AD-1AD8-4914-A07D-88928CABA154}.Release|x64.Build.0 = Release|Any CPU
		{1D6479AD-1AD8-4914-A07D-88928CABA154}.Release|x86.ActiveCfg = Release|Any CPU
		{1D6479AD-1AD8-4914-A07D-88928CABA154}.Release|x86.Build.0 = Release|Any CPU
		{274B9687-2BF3-42A8-9042-90EDE88FBCB2}.Debug|Any CPU.ActiveCfg = Debug|Any CPU
		{274B9687-2BF3-42A8-9042-90EDE88FBCB2}.Debug|Any CPU.Build.0 = Debug|Any CPU
		{274B9687-2BF3-42A8-9042-90EDE88FBCB2}.Debug|x64.ActiveCfg = Debug|Any CPU
		{274B9687-2BF3-42A8-9042-90EDE88FBCB2}.Debug|x64.Build.0 = Debug|Any CPU
		{274B9687-2BF3-42A8-9042-90EDE88FBCB2}.Debug|x86.ActiveCfg = Debug|Any CPU
		{274B9687-2BF3-42A8-9042-90EDE88FBCB2}.Debug|x86.Build.0 = Debug|Any CPU
		{274B9687-2BF3-42A8-9042-90EDE88FBCB2}.Release|Any CPU.ActiveCfg = Release|Any CPU
		{274B9687-2BF3-42A8-9042-90EDE88FBCB2}.Release|Any CPU.Build.0 = Release|Any CPU
		{274B9687-2BF3-42A8-9042-90EDE88FBCB2}.Release|x64.ActiveCfg = Release|Any CPU
		{274B9687-2BF3-42A8-9042-90EDE88FBCB2}.Release|x64.Build.0 = Release|Any CPU
		{274B9687-2BF3-42A8-9042-90EDE88FBCB2}.Release|x86.ActiveCfg = Release|Any CPU
		{274B9687-2BF3-42A8-9042-90EDE88FBCB2}.Release|x86.Build.0 = Release|Any CPU
		{BD052256-7ECF-4D29-8446-5CCD97C5C66C}.Debug|Any CPU.ActiveCfg = Debug|Any CPU
		{BD052256-7ECF-4D29-8446-5CCD97C5C66C}.Debug|Any CPU.Build.0 = Debug|Any CPU
		{BD052256-7ECF-4D29-8446-5CCD97C5C66C}.Debug|x64.ActiveCfg = Debug|Any CPU
		{BD052256-7ECF-4D29-8446-5CCD97C5C66C}.Debug|x64.Build.0 = Debug|Any CPU
		{BD052256-7ECF-4D29-8446-5CCD97C5C66C}.Debug|x86.ActiveCfg = Debug|Any CPU
		{BD052256-7ECF-4D29-8446-5CCD97C5C66C}.Debug|x86.Build.0 = Debug|Any CPU
		{BD052256-7ECF-4D29-8446-5CCD97C5C66C}.Release|Any CPU.ActiveCfg = Release|Any CPU
		{BD052256-7ECF-4D29-8446-5CCD97C5C66C}.Release|Any CPU.Build.0 = Release|Any CPU
		{BD052256-7ECF-4D29-8446-5CCD97C5C66C}.Release|x64.ActiveCfg = Release|Any CPU
		{BD052256-7ECF-4D29-8446-5CCD97C5C66C}.Release|x64.Build.0 = Release|Any CPU
		{BD052256-7ECF-4D29-8446-5CCD97C5C66C}.Release|x86.ActiveCfg = Release|Any CPU
		{BD052256-7ECF-4D29-8446-5CCD97C5C66C}.Release|x86.Build.0 = Release|Any CPU
		{F270F5AA-B145-46CC-B5C2-28D603E4C5BE}.Debug|Any CPU.ActiveCfg = Debug|Any CPU
		{F270F5AA-B145-46CC-B5C2-28D603E4C5BE}.Debug|Any CPU.Build.0 = Debug|Any CPU
		{F270F5AA-B145-46CC-B5C2-28D603E4C5BE}.Debug|x64.ActiveCfg = Debug|Any CPU
		{F270F5AA-B145-46CC-B5C2-28D603E4C5BE}.Debug|x64.Build.0 = Debug|Any CPU
		{F270F5AA-B145-46CC-B5C2-28D603E4C5BE}.Debug|x86.ActiveCfg = Debug|Any CPU
		{F270F5AA-B145-46CC-B5C2-28D603E4C5BE}.Debug|x86.Build.0 = Debug|Any CPU
		{F270F5AA-B145-46CC-B5C2-28D603E4C5BE}.Release|Any CPU.ActiveCfg = Release|Any CPU
		{F270F5AA-B145-46CC-B5C2-28D603E4C5BE}.Release|Any CPU.Build.0 = Release|Any CPU
		{F270F5AA-B145-46CC-B5C2-28D603E4C5BE}.Release|x64.ActiveCfg = Release|Any CPU
		{F270F5AA-B145-46CC-B5C2-28D603E4C5BE}.Release|x64.Build.0 = Release|Any CPU
		{F270F5AA-B145-46CC-B5C2-28D603E4C5BE}.Release|x86.ActiveCfg = Release|Any CPU
		{F270F5AA-B145-46CC-B5C2-28D603E4C5BE}.Release|x86.Build.0 = Release|Any CPU
		{9798ABD0-1EC9-4228-B54C-929EE65DA25D}.Debug|Any CPU.ActiveCfg = Debug|Any CPU
		{9798ABD0-1EC9-4228-B54C-929EE65DA25D}.Debug|Any CPU.Build.0 = Debug|Any CPU
		{9798ABD0-1EC9-4228-B54C-929EE65DA25D}.Debug|x64.ActiveCfg = Debug|Any CPU
		{9798ABD0-1EC9-4228-B54C-929EE65DA25D}.Debug|x64.Build.0 = Debug|Any CPU
		{9798ABD0-1EC9-4228-B54C-929EE65DA25D}.Debug|x86.ActiveCfg = Debug|Any CPU
		{9798ABD0-1EC9-4228-B54C-929EE65DA25D}.Debug|x86.Build.0 = Debug|Any CPU
		{9798ABD0-1EC9-4228-B54C-929EE65DA25D}.Release|Any CPU.ActiveCfg = Release|Any CPU
		{9798ABD0-1EC9-4228-B54C-929EE65DA25D}.Release|Any CPU.Build.0 = Release|Any CPU
		{9798ABD0-1EC9-4228-B54C-929EE65DA25D}.Release|x64.ActiveCfg = Release|Any CPU
		{9798ABD0-1EC9-4228-B54C-929EE65DA25D}.Release|x64.Build.0 = Release|Any CPU
		{9798ABD0-1EC9-4228-B54C-929EE65DA25D}.Release|x86.ActiveCfg = Release|Any CPU
		{9798ABD0-1EC9-4228-B54C-929EE65DA25D}.Release|x86.Build.0 = Release|Any CPU
		{1D11E55D-559A-473C-A8A8-408592BD1813}.Debug|Any CPU.ActiveCfg = Debug|Any CPU
		{1D11E55D-559A-473C-A8A8-408592BD1813}.Debug|Any CPU.Build.0 = Debug|Any CPU
		{1D11E55D-559A-473C-A8A8-408592BD1813}.Debug|x64.ActiveCfg = Debug|Any CPU
		{1D11E55D-559A-473C-A8A8-408592BD1813}.Debug|x64.Build.0 = Debug|Any CPU
		{1D11E55D-559A-473C-A8A8-408592BD1813}.Debug|x86.ActiveCfg = Debug|Any CPU
		{1D11E55D-559A-473C-A8A8-408592BD1813}.Debug|x86.Build.0 = Debug|Any CPU
		{1D11E55D-559A-473C-A8A8-408592BD1813}.Release|Any CPU.ActiveCfg = Release|Any CPU
		{1D11E55D-559A-473C-A8A8-408592BD1813}.Release|Any CPU.Build.0 = Release|Any CPU
		{1D11E55D-559A-473C-A8A8-408592BD1813}.Release|x64.ActiveCfg = Release|Any CPU
		{1D11E55D-559A-473C-A8A8-408592BD1813}.Release|x64.Build.0 = Release|Any CPU
		{1D11E55D-559A-473C-A8A8-408592BD1813}.Release|x86.ActiveCfg = Release|Any CPU
		{1D11E55D-559A-473C-A8A8-408592BD1813}.Release|x86.Build.0 = Release|Any CPU
	EndGlobalSection
	GlobalSection(SolutionProperties) = preSolution
		HideSolutionNode = FALSE
	EndGlobalSection
	GlobalSection(NestedProjects) = preSolution
		{1D6479AD-1AD8-4914-A07D-88928CABA154} = {827E0CD3-B72D-47B6-A68D-7590B98EB39B}
		{274B9687-2BF3-42A8-9042-90EDE88FBCB2} = {827E0CD3-B72D-47B6-A68D-7590B98EB39B}
		{BD052256-7ECF-4D29-8446-5CCD97C5C66C} = {827E0CD3-B72D-47B6-A68D-7590B98EB39B}
		{F270F5AA-B145-46CC-B5C2-28D603E4C5BE} = {827E0CD3-B72D-47B6-A68D-7590B98EB39B}
		{9798ABD0-1EC9-4228-B54C-929EE65DA25D} = {827E0CD3-B72D-47B6-A68D-7590B98EB39B}
		{1D11E55D-559A-473C-A8A8-408592BD1813} = {827E0CD3-B72D-47B6-A68D-7590B98EB39B}
	EndGlobalSection
EndGlobal
